
Microsoft Visual Studio Solution File, Format Version 12.00
Project("{FAE04EC0-301F-11D3-BF4B-00C04F79EFBC}") = "DeviceManagement.Rest", "src\DeviceManagement.Rest\DeviceManagement.Rest.csproj", "{9C28A79A-6033-46FA-B632-6D5C391F0DB9}"
EndProject
Project("{FAE04EC0-301F-11D3-BF4B-00C04F79EFBC}") = "DeviceManagement.DAL", "src\DeviceManagement.DAL\DeviceManagement.DAL.csproj", "{EBF468DE-B9DC-4BCF-9720-942108AAECFD}"
EndProject
Project("{FAE04EC0-301F-11D3-BF4B-00C04F79EFBC}") = "DeviceManagement.Core", "src\DeviceManagement.Core\DeviceManagement.Core.csproj", "{41570EE9-6EB1-4C63-87B6-30804CABB8A2}"
EndProject
Global
	GlobalSection(SolutionConfigurationPlatforms) = preSolution
		Debug|Any CPU = Debug|Any CPU
		Release|Any CPU = Release|Any CPU
	EndGlobalSection
	GlobalSection(ProjectConfigurationPlatforms) = postSolution
		{9C28A79A-6033-46FA-B632-6D5C391F0DB9}.Debug|Any CPU.ActiveCfg = Debug|Any CPU
		{9C28A79A-6033-46FA-B632-6D5C391F0DB9}.Debug|Any CPU.Build.0 = Debug|Any CPU
		{9C28A79A-6033-46FA-B632-6D5C391F0DB9}.Release|Any CPU.ActiveCfg = Release|Any CPU
		{9C28A79A-6033-46FA-B632-6D5C391F0DB9}.Release|Any CPU.Build.0 = Release|Any CPU
		{EBF468DE-B9DC-4BCF-9720-942108AAECFD}.Debug|Any CPU.ActiveCfg = Debug|Any CPU
		{EBF468DE-B9DC-4BCF-9720-942108AAECFD}.Debug|Any CPU.Build.0 = Debug|Any CPU
		{EBF468DE-B9DC-4BCF-9720-942108AAECFD}.Release|Any CPU.ActiveCfg = Release|Any CPU
		{EBF468DE-B9DC-4BCF-9720-942108AAECFD}.Release|Any CPU.Build.0 = Release|Any CPU
		{41570EE9-6EB1-4C63-87B6-30804CABB8A2}.Debug|Any CPU.ActiveCfg = Debug|Any CPU
		{41570EE9-6EB1-4C63-87B6-30804CABB8A2}.Debug|Any CPU.Build.0 = Debug|Any CPU
		{41570EE9-6EB1-4C63-87B6-30804CABB8A2}.Release|Any CPU.ActiveCfg = Release|Any CPU
		{41570EE9-6EB1-4C63-87B6-30804CABB8A2}.Release|Any CPU.Build.0 = Release|Any CPU
	EndGlobalSection
EndGlobal
